
Microsoft Visual Studio Solution File, Format Version 12.00
# Visual Studio Version 16
VisualStudioVersion = 16.0.32407.337
MinimumVisualStudioVersion = 10.0.40219.1
Project("{FAE04EC0-301F-11D3-BF4B-00C04F79EFBC}") = "FrendsSave.UWP", "FrendsSave.UWP\FrendsSave.UWP.csproj", "{EFC44205-8DA2-40D5-AABB-74D7BA949BBE}"
EndProject
Project("{FAE04EC0-301F-11D3-BF4B-00C04F79EFBC}") = "FrendsSave.Android", "FrendsSave.Android\FrendsSave.Android.csproj", "{8C967BD1-72C5-4E86-AE80-E8C67EB1242C}"
EndProject
Project("{FAE04EC0-301F-11D3-BF4B-00C04F79EFBC}") = "FrendsSave.iOS", "FrendsSave.iOS\FrendsSave.iOS.csproj", "{D6234DA4-262E-4EF0-BB0C-5CBA12E6AC35}"
EndProject
Project("{FAE04EC0-301F-11D3-BF4B-00C04F79EFBC}") = "FrendsSave", "FrendsSave\FrendsSave.csproj", "{FAA552C6-4D36-4637-B005-7EB9D2AEEF90}"
EndProject
Global
	GlobalSection(SolutionConfigurationPlatforms) = preSolution
		Debug|Any CPU = Debug|Any CPU
		Debug|ARM = Debug|ARM
		Debug|iPhone = Debug|iPhone
		Debug|iPhoneSimulator = Debug|iPhoneSimulator
		Debug|x64 = Debug|x64
		Debug|x86 = Debug|x86
		Release|Any CPU = Release|Any CPU
		Release|ARM = Release|ARM
		Release|iPhone = Release|iPhone
		Release|iPhoneSimulator = Release|iPhoneSimulator
		Release|x64 = Release|x64
		Release|x86 = Release|x86
	EndGlobalSection
	GlobalSection(ProjectConfigurationPlatforms) = postSolution
		{EFC44205-8DA2-40D5-AABB-74D7BA949BBE}.Debug|Any CPU.ActiveCfg = Debug|x86
		{EFC44205-8DA2-40D5-AABB-74D7BA949BBE}.Debug|Any CPU.Build.0 = Debug|x86
		{EFC44205-8DA2-40D5-AABB-74D7BA949BBE}.Debug|Any CPU.Deploy.0 = Debug|x86
		{EFC44205-8DA2-40D5-AABB-74D7BA949BBE}.Debug|ARM.ActiveCfg = Debug|ARM
		{EFC44205-8DA2-40D5-AABB-74D7BA949BBE}.Debug|ARM.Build.0 = Debug|ARM
		{EFC44205-8DA2-40D5-AABB-74D7BA949BBE}.Debug|ARM.Deploy.0 = Debug|ARM
		{EFC44205-8DA2-40D5-AABB-74D7BA949BBE}.Debug|iPhone.ActiveCfg = Debug|x86
		{EFC44205-8DA2-40D5-AABB-74D7BA949BBE}.Debug|iPhone.Build.0 = Debug|x86
		{EFC44205-8DA2-40D5-AABB-74D7BA949BBE}.Debug|iPhone.Deploy.0 = Debug|x86
		{EFC44205-8DA2-40D5-AABB-74D7BA949BBE}.Debug|iPhoneSimulator.ActiveCfg = Debug|x86
		{EFC44205-8DA2-40D5-AABB-74D7BA949BBE}.Debug|iPhoneSimulator.Build.0 = Debug|x86
		{EFC44205-8DA2-40D5-AABB-74D7BA949BBE}.Debug|iPhoneSimulator.Deploy.0 = Debug|x86
		{EFC44205-8DA2-40D5-AABB-74D7BA949BBE}.Debug|x64.ActiveCfg = Debug|x64
		{EFC44205-8DA2-40D5-AABB-74D7BA949BBE}.Debug|x64.Build.0 = Debug|x64
		{EFC44205-8DA2-40D5-AABB-74D7BA949BBE}.Debug|x64.Deploy.0 = Debug|x64
		{EFC44205-8DA2-40D5-AABB-74D7BA949BBE}.Debug|x86.ActiveCfg = Debug|x86
		{EFC44205-8DA2-40D5-AABB-74D7BA949BBE}.Debug|x86.Build.0 = Debug|x86
		{EFC44205-8DA2-40D5-AABB-74D7BA949BBE}.Debug|x86.Deploy.0 = Debug|x86
		{EFC44205-8DA2-40D5-AABB-74D7BA949BBE}.Release|Any CPU.ActiveCfg = Release|x86
		{EFC44205-8DA2-40D5-AABB-74D7BA949BBE}.Release|Any CPU.Build.0 = Release|x86
		{EFC44205-8DA2-40D5-AABB-74D7BA949BBE}.Release|Any CPU.Deploy.0 = Release|x86
		{EFC44205-8DA2-40D5-AABB-74D7BA949BBE}.Release|ARM.ActiveCfg = Release|ARM
		{EFC44205-8DA2-40D5-AABB-74D7BA949BBE}.Release|ARM.Build.0 = Release|ARM
		{EFC44205-8DA2-40D5-AABB-74D7BA949BBE}.Release|ARM.Deploy.0 = Release|ARM
		{EFC44205-8DA2-40D5-AABB-74D7BA949BBE}.Release|iPhone.ActiveCfg = Release|x86
		{EFC44205-8DA2-40D5-AABB-74D7BA949BBE}.Release|iPhone.Build.0 = Release|x86
		{EFC44205-8DA2-40D5-AABB-74D7BA949BBE}.Release|iPhone.Deploy.0 = Release|x86
		{EFC44205-8DA2-40D5-AABB-74D7BA949BBE}.Release|iPhoneSimulator.ActiveCfg = Release|x86
		{EFC44205-8DA2-40D5-AABB-74D7BA949BBE}.Release|iPhoneSimulator.Build.0 = Release|x86
		{EFC44205-8DA2-40D5-AABB-74D7BA949BBE}.Release|iPhoneSimulator.Deploy.0 = Release|x86
		{EFC44205-8DA2-40D5-AABB-74D7BA949BBE}.Release|x64.ActiveCfg = Release|x64
		{EFC44205-8DA2-40D5-AABB-74D7BA949BBE}.Release|x64.Build.0 = Release|x64
		{EFC44205-8DA2-40D5-AABB-74D7BA949BBE}.Release|x64.Deploy.0 = Release|x64
		{EFC44205-8DA2-40D5-AABB-74D7BA949BBE}.Release|x86.ActiveCfg = Release|x86
		{EFC44205-8DA2-40D5-AABB-74D7BA949BBE}.Release|x86.Build.0 = Release|x86
		{EFC44205-8DA2-40D5-AABB-74D7BA949BBE}.Release|x86.Deploy.0 = Release|x86
		{8C967BD1-72C5-4E86-AE80-E8C67EB1242C}.Debug|Any CPU.ActiveCfg = Debug|Any CPU
		{8C967BD1-72C5-4E86-AE80-E8C67EB1242C}.Debug|Any CPU.Build.0 = Debug|Any CPU
		{8C967BD1-72C5-4E86-AE80-E8C67EB1242C}.Debug|Any CPU.Deploy.0 = Debug|Any CPU
		{8C967BD1-72C5-4E86-AE80-E8C67EB1242C}.Debug|ARM.ActiveCfg = Debug|Any CPU
		{8C967BD1-72C5-4E86-AE80-E8C67EB1242C}.Debug|ARM.Build.0 = Debug|Any CPU
		{8C967BD1-72C5-4E86-AE80-E8C67EB1242C}.Debug|ARM.Deploy.0 = Debug|Any CPU
		{8C967BD1-72C5-4E86-AE80-E8C67EB1242C}.Debug|iPhone.ActiveCfg = Debug|Any CPU
		{8C967BD1-72C5-4E86-AE80-E8C67EB1242C}.Debug|iPhone.Build.0 = Debug|Any CPU
		{8C967BD1-72C5-4E86-AE80-E8C67EB1242C}.Debug|iPhone.Deploy.0 = Debug|Any CPU
		{8C967BD1-72C5-4E86-AE80-E8C67EB1242C}.Debug|iPhoneSimulator.ActiveCfg = Debug|Any CPU
		{8C967BD1-72C5-4E86-AE80-E8C67EB1242C}.Debug|iPhoneSimulator.Build.0 = Debug|Any CPU
		{8C967BD1-72C5-4E86-AE80-E8C67EB1242C}.Debug|iPhoneSimulator.Deploy.0 = Debug|Any CPU
		{8C967BD1-72C5-4E86-AE80-E8C67EB1242C}.Debug|x64.ActiveCfg = Debug|Any CPU
		{8C967BD1-72C5-4E86-AE80-E8C67EB1242C}.Debug|x64.Build.0 = Debug|Any CPU
		{8C967BD1-72C5-4E86-AE80-E8C67EB1242C}.Debug|x64.Deploy.0 = Debug|Any CPU
		{8C967BD1-72C5-4E86-AE80-E8C67EB1242C}.Debug|x86.ActiveCfg = Debug|Any CPU
		{8C967BD1-72C5-4E86-AE80-E8C67EB1242C}.Debug|x86.Build.0 = Debug|Any CPU
		{8C967BD1-72C5-4E86-AE80-E8C67EB1242C}.Debug|x86.Deploy.0 = Debug|Any CPU
		{8C967BD1-72C5-4E86-AE80-E8C67EB1242C}.Release|Any CPU.ActiveCfg = Release|Any CPU
		{8C967BD1-72C5-4E86-AE80-E8C67EB1242C}.Release|Any CPU.Build.0 = Release|Any CPU
		{8C967BD1-72C5-4E86-AE80-E8C67EB1242C}.Release|Any CPU.Deploy.0 = Release|Any CPU
		{8C967BD1-72C5-4E86-AE80-E8C67EB1242C}.Release|ARM.ActiveCfg = Release|Any CPU
		{8C967BD1-72C5-4E86-AE80-E8C67EB1242C}.Release|ARM.Build.0 = Release|Any CPU
		{8C967BD1-72C5-4E86-AE80-E8C67EB1242C}.Release|ARM.Deploy.0 = Release|Any CPU
		{8C967BD1-72C5-4E86-AE80-E8C67EB1242C}.Release|iPhone.ActiveCfg = Release|Any CPU
		{8C967BD1-72C5-4E86-AE80-E8C67EB1242C}.Release|iPhone.Build.0 = Release|Any CPU
		{8C967BD1-72C5-4E86-AE80-E8C67EB1242C}.Release|iPhone.Deploy.0 = Release|Any CPU
		{8C967BD1-72C5-4E86-AE80-E8C67EB1242C}.Release|iPhoneSimulator.ActiveCfg = Release|Any CPU
		{8C967BD1-72C5-4E86-AE80-E8C67EB1242C}.Release|iPhoneSimulator.Build.0 = Release|Any CPU
		{8C967BD1-72C5-4E86-AE80-E8C67EB1242C}.Release|iPhoneSimulator.Deploy.0 = Release|Any CPU
		{8C967BD1-72C5-4E86-AE80-E8C67EB1242C}.Release|x64.ActiveCfg = Release|Any CPU
		{8C967BD1-72C5-4E86-AE80-E8C67EB1242C}.Release|x64.Build.0 = Release|Any CPU
		{8C967BD1-72C5-4E86-AE80-E8C67EB1242C}.Release|x64.Deploy.0 = Release|Any CPU
		{8C967BD1-72C5-4E86-AE80-E8C67EB1242C}.Release|x86.ActiveCfg = Release|Any CPU
		{8C967BD1-72C5-4E86-AE80-E8C67EB1242C}.Release|x86.Build.0 = Release|Any CPU
		{8C967BD1-72C5-4E86-AE80-E8C67EB1242C}.Release|x86.Deploy.0 = Release|Any CPU
		{D6234DA4-262E-4EF0-BB0C-5CBA12E6AC35}.Debug|Any CPU.ActiveCfg = Debug|iPhoneSimulator
		{D6234DA4-262E-4EF0-BB0C-5CBA12E6AC35}.Debug|Any CPU.Build.0 = Debug|iPhoneSimulator
		{D6234DA4-262E-4EF0-BB0C-5CBA12E6AC35}.Debug|Any CPU.Deploy.0 = Debug|iPhoneSimulator
		{D6234DA4-262E-4EF0-BB0C-5CBA12E6AC35}.Debug|ARM.ActiveCfg = Debug|iPhone
		{D6234DA4-262E-4EF0-BB0C-5CBA12E6AC35}.Debug|ARM.Build.0 = Debug|iPhone
		{D6234DA4-262E-4EF0-BB0C-5CBA12E6AC35}.Debug|ARM.Deploy.0 = Debug|iPhone
		{D6234DA4-262E-4EF0-BB0C-5CBA12E6AC35}.Debug|iPhone.ActiveCfg = Debug|iPhone
		{D6234DA4-262E-4EF0-BB0C-5CBA12E6AC35}.Debug|iPhone.Build.0 = Debug|iPhone
		{D6234DA4-262E-4EF0-BB0C-5CBA12E6AC35}.Debug|iPhone.Deploy.0 = Debug|iPhone
		{D6234DA4-262E-4EF0-BB0C-5CBA12E6AC35}.Debug|iPhoneSimulator.ActiveCfg = Debug|iPhoneSimulator
		{D6234DA4-262E-4EF0-BB0C-5CBA12E6AC35}.Debug|iPhoneSimulator.Build.0 = Debug|iPhoneSimulator
		{D6234DA4-262E-4EF0-BB0C-5CBA12E6AC35}.Debug|iPhoneSimulator.Deploy.0 = Debug|iPhoneSimulator
		{D6234DA4-262E-4EF0-BB0C-5CBA12E6AC35}.Debug|x64.ActiveCfg = Debug|iPhoneSimulator
		{D6234DA4-262E-4EF0-BB0C-5CBA12E6AC35}.Debug|x64.Build.0 = Debug|iPhoneSimulator
		{D6234DA4-262E-4EF0-BB0C-5CBA12E6AC35}.Debug|x64.Deploy.0 = Debug|iPhoneSimulator
		{D6234DA4-262E-4EF0-BB0C-5CBA12E6AC35}.Debug|x86.ActiveCfg = Debug|iPhoneSimulator
		{D6234DA4-262E-4EF0-BB0C-5CBA12E6AC35}.Debug|x86.Build.0 = Debug|iPhoneSimulator
		{D6234DA4-262E-4EF0-BB0C-5CBA12E6AC35}.Debug|x86.Deploy.0 = Debug|iPhoneSimulator
		{D6234DA4-262E-4EF0-BB0C-5CBA12E6AC35}.Release|Any CPU.ActiveCfg = Release|iPhoneSimulator
		{D6234DA4-262E-4EF0-BB0C-5CBA12E6AC35}.Release|Any CPU.Build.0 = Release|iPhoneSimulator
		{D6234DA4-262E-4EF0-BB0C-5CBA12E6AC35}.Release|Any CPU.Deploy.0 = Release|iPhoneSimulator
		{D6234DA4-262E-4EF0-BB0C-5CBA12E6AC35}.Release|ARM.ActiveCfg = Release|iPhoneSimulator
		{D6234DA4-262E-4EF0-BB0C-5CBA12E6AC35}.Release|ARM.Build.0 = Release|iPhoneSimulator
		{D6234DA4-262E-4EF0-BB0C-5CBA12E6AC35}.Release|ARM.Deploy.0 = Release|iPhoneSimulator
		{D6234DA4-262E-4EF0-BB0C-5CBA12E6AC35}.Release|iPhone.ActiveCfg = Release|iPhone
		{D6234DA4-262E-4EF0-BB0C-5CBA12E6AC35}.Release|iPhone.Build.0 = Release|iPhone
		{D6234DA4-262E-4EF0-BB0C-5CBA12E6AC35}.Release|iPhone.Deploy.0 = Release|iPhone
		{D6234DA4-262E-4EF0-BB0C-5CBA12E6AC35}.Release|iPhoneSimulator.ActiveCfg = Release|iPhoneSimulator
		{D6234DA4-262E-4EF0-BB0C-5CBA12E6AC35}.Release|iPhoneSimulator.Build.0 = Release|iPhoneSimulator
		{D6234DA4-262E-4EF0-BB0C-5CBA12E6AC35}.Release|iPhoneSimulator.Deploy.0 = Release|iPhoneSimulator
		{D6234DA4-262E-4EF0-BB0C-5CBA12E6AC35}.Release|x64.ActiveCfg = Release|iPhoneSimulator
		{D6234DA4-262E-4EF0-BB0C-5CBA12E6AC35}.Release|x64.Build.0 = Release|iPhoneSimulator
		{D6234DA4-262E-4EF0-BB0C-5CBA12E6AC35}.Release|x64.Deploy.0 = Release|iPhoneSimulator
		{D6234DA4-262E-4EF0-BB0C-5CBA12E6AC35}.Release|x86.ActiveCfg = Release|iPhoneSimulator
		{D6234DA4-262E-4EF0-BB0C-5CBA12E6AC35}.Release|x86.Build.0 = Release|iPhoneSimulator
		{D6234DA4-262E-4EF0-BB0C-5CBA12E6AC35}.Release|x86.Deploy.0 = Release|iPhoneSimulator
		{FAA552C6-4D36-4637-B005-7EB9D2AEEF90}.Debug|Any CPU.ActiveCfg = Debug|Any CPU
		{FAA552C6-4D36-4637-B005-7EB9D2AEEF90}.Debug|Any CPU.Build.0 = Debug|Any CPU
		{FAA552C6-4D36-4637-B005-7EB9D2AEEF90}.Debug|Any CPU.Deploy.0 = Debug|Any CPU
		{FAA552C6-4D36-4637-B005-7EB9D2AEEF90}.Debug|ARM.ActiveCfg = Debug|Any CPU
		{FAA552C6-4D36-4637-B005-7EB9D2AEEF90}.Debug|ARM.Build.0 = Debug|Any CPU
		{FAA552C6-4D36-4637-B005-7EB9D2AEEF90}.Debug|ARM.Deploy.0 = Debug|Any CPU
		{FAA552C6-4D36-4637-B005-7EB9D2AEEF90}.Debug|iPhone.ActiveCfg = Debug|Any CPU
		{FAA552C6-4D36-4637-B005-7EB9D2AEEF90}.Debug|iPhone.Build.0 = Debug|Any CPU
		{FAA552C6-4D36-4637-B005-7EB9D2AEEF90}.Debug|iPhone.Deploy.0 = Debug|Any CPU
		{FAA552C6-4D36-4637-B005-7EB9D2AEEF90}.Debug|iPhoneSimulator.ActiveCfg = Debug|Any CPU
		{FAA552C6-4D36-4637-B005-7EB9D2AEEF90}.Debug|iPhoneSimulator.Build.0 = Debug|Any CPU
		{FAA552C6-4D36-4637-B005-7EB9D2AEEF90}.Debug|iPhoneSimulator.Deploy.0 = Debug|Any CPU
		{FAA552C6-4D36-4637-B005-7EB9D2AEEF90}.Debug|x64.ActiveCfg = Debug|Any CPU
		{FAA552C6-4D36-4637-B005-7EB9D2AEEF90}.Debug|x64.Build.0 = Debug|Any CPU
		{FAA552C6-4D36-4637-B005-7EB9D2AEEF90}.Debug|x64.Deploy.0 = Debug|Any CPU
		{FAA552C6-4D36-4637-B005-7EB9D2AEEF90}.Debug|x86.ActiveCfg = Debug|Any CPU
		{FAA552C6-4D36-4637-B005-7EB9D2AEEF90}.Debug|x86.Build.0 = Debug|Any CPU
		{FAA552C6-4D36-4637-B005-7EB9D2AEEF90}.Debug|x86.Deploy.0 = Debug|Any CPU
		{FAA552C6-4D36-4637-B005-7EB9D2AEEF90}.Release|Any CPU.ActiveCfg = Release|Any CPU
		{FAA552C6-4D36-4637-B005-7EB9D2AEEF90}.Release|Any CPU.Build.0 = Release|Any CPU
		{FAA552C6-4D36-4637-B005-7EB9D2AEEF90}.Release|Any CPU.Deploy.0 = Release|Any CPU
		{FAA552C6-4D36-4637-B005-7EB9D2AEEF90}.Release|ARM.ActiveCfg = Release|Any CPU
		{FAA552C6-4D36-4637-B005-7EB9D2AEEF90}.Release|ARM.Build.0 = Release|Any CPU
		{FAA552C6-4D36-4637-B005-7EB9D2AEEF90}.Release|ARM.Deploy.0 = Release|Any CPU
		{FAA552C6-4D36-4637-B005-7EB9D2AEEF90}.Release|iPhone.ActiveCfg = Release|Any CPU
		{FAA552C6-4D36-4637-B005-7EB9D2AEEF90}.Release|iPhone.Build.0 = Release|Any CPU
		{FAA552C6-4D36-4637-B005-7EB9D2AEEF90}.Release|iPhone.Deploy.0 = Release|Any CPU
		{FAA552C6-4D36-4637-B005-7EB9D2AEEF90}.Release|iPhoneSimulator.ActiveCfg = Release|Any CPU
		{FAA552C6-4D36-4637-B005-7EB9D2AEEF90}.Release|iPhoneSimulator.Build.0 = Release|Any CPU
		{FAA552C6-4D36-4637-B005-7EB9D2AEEF90}.Release|iPhoneSimulator.Deploy.0 = Release|Any CPU
		{FAA552C6-4D36-4637-B005-7EB9D2AEEF90}.Release|x64.ActiveCfg = Release|Any CPU
		{FAA552C6-4D36-4637-B005-7EB9D2AEEF90}.Release|x64.Build.0 = Release|Any CPU
		{FAA552C6-4D36-4637-B005-7EB9D2AEEF90}.Release|x64.Deploy.0 = Release|Any CPU
		{FAA552C6-4D36-4637-B005-7EB9D2AEEF90}.Release|x86.ActiveCfg = Release|Any CPU
		{FAA552C6-4D36-4637-B005-7EB9D2AEEF90}.Release|x86.Build.0 = Release|Any CPU
		{FAA552C6-4D36-4637-B005-7EB9D2AEEF90}.Release|x86.Deploy.0 = Release|Any CPU
	EndGlobalSection
	GlobalSection(SolutionProperties) = preSolution
		HideSolutionNode = FALSE
	EndGlobalSection
	GlobalSection(ExtensibilityGlobals) = postSolution
		SolutionGuid = {A9AD7D5A-E97E-4864-BF14-69AC71BCEACA}
	EndGlobalSection
EndGlobal
